// !$*UTF8*$!
{
	archiveVersion = 1;
	classes = {
	};
	objectVersion = 56;
	objects = {

/* Begin PBXBuildFile section */
		DE646BC92C06FB48005533D0 /* SwiftCleanBaseApp.swift in Sources */ = {isa = PBXBuildFile; fileRef = DE646BC82C06FB48005533D0 /* SwiftCleanBaseApp.swift */; };
		DE646BCB2C06FB48005533D0 /* ContentView.swift in Sources */ = {isa = PBXBuildFile; fileRef = DE646BCA2C06FB48005533D0 /* ContentView.swift */; };
		DE646BCD2C06FB6E005533D0 /* Assets.xcassets in Resources */ = {isa = PBXBuildFile; fileRef = DE646BCC2C06FB6E005533D0 /* Assets.xcassets */; };
		DE646BD02C06FB6E005533D0 /* Preview Assets.xcassets in Resources */ = {isa = PBXBuildFile; fileRef = DE646BCF2C06FB6E005533D0 /* Preview Assets.xcassets */; };
		DE646BDA2C06FB70005533D0 /* SwiftCleanBaseTests.swift in Sources */ = {isa = PBXBuildFile; fileRef = DE646BD92C06FB70005533D0 /* SwiftCleanBaseTests.swift */; };
		DE646BE42C06FB70005533D0 /* SwiftCleanBaseUITests.swift in Sources */ = {isa = PBXBuildFile; fileRef = DE646BE32C06FB70005533D0 /* SwiftCleanBaseUITests.swift */; };
		DE646BE62C06FB70005533D0 /* SwiftCleanBaseUITestsLaunchTests.swift in Sources */ = {isa = PBXBuildFile; fileRef = DE646BE52C06FB70005533D0 /* SwiftCleanBaseUITestsLaunchTests.swift */; };
/* End PBXBuildFile section */

/* Begin PBXContainerItemProxy section */
		DE646BD62C06FB6F005533D0 /* PBXContainerItemProxy */ = {
			isa = PBXContainerItemProxy;
			containerPortal = DE646BBD2C06FB48005533D0 /* Project object */;
			proxyType = 1;
			remoteGlobalIDString = DE646BC42C06FB48005533D0;
			remoteInfo = SwiftCleanBase;
		};
		DE646BE02C06FB70005533D0 /* PBXContainerItemProxy */ = {
			isa = PBXContainerItemProxy;
			containerPortal = DE646BBD2C06FB48005533D0 /* Project object */;
			proxyType = 1;
			remoteGlobalIDString = DE646BC42C06FB48005533D0;
			remoteInfo = SwiftCleanBase;
		};
/* End PBXContainerItemProxy section */

/* Begin PBXFileReference section */
		DE646BC52C06FB48005533D0 /* SwiftCleanBase.app */ = {isa = PBXFileReference; explicitFileType = wrapper.application; includeInIndex = 0; path = SwiftCleanBase.app; sourceTree = BUILT_PRODUCTS_DIR; };
		DE646BC82C06FB48005533D0 /* SwiftCleanBaseApp.swift */ = {isa = PBXFileReference; lastKnownFileType = sourcecode.swift; path = SwiftCleanBaseApp.swift; sourceTree = "<group>"; };
		DE646BCA2C06FB48005533D0 /* ContentView.swift */ = {isa = PBXFileReference; lastKnownFileType = sourcecode.swift; path = ContentView.swift; sourceTree = "<group>"; };
		DE646BCC2C06FB6E005533D0 /* Assets.xcassets */ = {isa = PBXFileReference; lastKnownFileType = folder.assetcatalog; path = Assets.xcassets; sourceTree = "<group>"; };
		DE646BCF2C06FB6E005533D0 /* Preview Assets.xcassets */ = {isa = PBXFileReference; lastKnownFileType = folder.assetcatalog; path = "Preview Assets.xcassets"; sourceTree = "<group>"; };
		DE646BD52C06FB6F005533D0 /* SwiftCleanBaseTests.xctest */ = {isa = PBXFileReference; explicitFileType = wrapper.cfbundle; includeInIndex = 0; path = SwiftCleanBaseTests.xctest; sourceTree = BUILT_PRODUCTS_DIR; };
		DE646BD92C06FB70005533D0 /* SwiftCleanBaseTests.swift */ = {isa = PBXFileReference; lastKnownFileType = sourcecode.swift; path = SwiftCleanBaseTests.swift; sourceTree = "<group>"; };
		DE646BDF2C06FB70005533D0 /* SwiftCleanBaseUITests.xctest */ = {isa = PBXFileReference; explicitFileType = wrapper.cfbundle; includeInIndex = 0; path = SwiftCleanBaseUITests.xctest; sourceTree = BUILT_PRODUCTS_DIR; };
		DE646BE32C06FB70005533D0 /* SwiftCleanBaseUITests.swift */ = {isa = PBXFileReference; lastKnownFileType = sourcecode.swift; path = SwiftCleanBaseUITests.swift; sourceTree = "<group>"; };
		DE646BE52C06FB70005533D0 /* SwiftCleanBaseUITestsLaunchTests.swift */ = {isa = PBXFileReference; lastKnownFileType = sourcecode.swift; path = SwiftCleanBaseUITestsLaunchTests.swift; sourceTree = "<group>"; };
/* End PBXFileReference section */

/* Begin PBXFrameworksBuildPhase section */
		DE646BC22C06FB48005533D0 /* Frameworks */ = {
			isa = PBXFrameworksBuildPhase;
			buildActionMask = 2147483647;
			files = (
			);
			runOnlyForDeploymentPostprocessing = 0;
		};
		DE646BD22C06FB6F005533D0 /* Frameworks */ = {
			isa = PBXFrameworksBuildPhase;
			buildActionMask = 2147483647;
			files = (
			);
			runOnlyForDeploymentPostprocessing = 0;
		};
		DE646BDC2C06FB70005533D0 /* Frameworks */ = {
			isa = PBXFrameworksBuildPhase;
			buildActionMask = 2147483647;
			files = (
			);
			runOnlyForDeploymentPostprocessing = 0;
		};
/* End PBXFrameworksBuildPhase section */

/* Begin PBXGroup section */
		DE646BBC2C06FB48005533D0 = {
			isa = PBXGroup;
			children = (
				DE646BC72C06FB48005533D0 /* SwiftCleanBase */,
				DE646BD82C06FB70005533D0 /* SwiftCleanBaseTests */,
				DE646BE22C06FB70005533D0 /* SwiftCleanBaseUITests */,
				DE646BC62C06FB48005533D0 /* Products */,
			);
			sourceTree = "<group>";
		};
		DE646BC62C06FB48005533D0 /* Products */ = {
			isa = PBXGroup;
			children = (
				DE646BC52C06FB48005533D0 /* SwiftCleanBase.app */,
				DE646BD52C06FB6F005533D0 /* SwiftCleanBaseTests.xctest */,
				DE646BDF2C06FB70005533D0 /* SwiftCleanBaseUITests.xctest */,
			);
			name = Products;
			sourceTree = "<group>";
		};
		DE646BC72C06FB48005533D0 /* SwiftCleanBase */ = {
			isa = PBXGroup;
			children = (
				DE646BC82C06FB48005533D0 /* SwiftCleanBaseApp.swift */,
				DE646BCA2C06FB48005533D0 /* ContentView.swift */,
				DE646BCC2C06FB6E005533D0 /* Assets.xcassets */,
				DE646BCE2C06FB6E005533D0 /* Preview Content */,
			);
			path = SwiftCleanBase;
			sourceTree = "<group>";
		};
		DE646BCE2C06FB6E005533D0 /* Preview Content */ = {
			isa = PBXGroup;
			children = (
				DE646BCF2C06FB6E005533D0 /* Preview Assets.xcassets */,
			);
			path = "Preview Content";
			sourceTree = "<group>";
		};
		DE646BD82C06FB70005533D0 /* SwiftCleanBaseTests */ = {
			isa = PBXGroup;
			children = (
				DE646BD92C06FB70005533D0 /* SwiftCleanBaseTests.swift */,
			);
			path = SwiftCleanBaseTests;
			sourceTree = "<group>";
		};
		DE646BE22C06FB70005533D0 /* SwiftCleanBaseUITests */ = {
			isa = PBXGroup;
			children = (
				DE646BE32C06FB70005533D0 /* SwiftCleanBaseUITests.swift */,
				DE646BE52C06FB70005533D0 /* SwiftCleanBaseUITestsLaunchTests.swift */,
			);
			path = SwiftCleanBaseUITests;
			sourceTree = "<group>";
		};
/* End PBXGroup section */

/* Begin PBXNativeTarget section */
		DE646BC42C06FB48005533D0 /* SwiftCleanBase */ = {
			isa = PBXNativeTarget;
			buildConfigurationList = DE646BE92C06FB70005533D0 /* Build configuration list for PBXNativeTarget "SwiftCleanBase" */;
			buildPhases = (
				DE646BC12C06FB48005533D0 /* Sources */,
				DE646BC22C06FB48005533D0 /* Frameworks */,
				DE646BC32C06FB48005533D0 /* Resources */,
			);
			buildRules = (
			);
			dependencies = (
			);
			name = SwiftCleanBase;
			productName = SwiftCleanBase;
			productReference = DE646BC52C06FB48005533D0 /* SwiftCleanBase.app */;
			productType = "com.apple.product-type.application";
		};
		DE646BD42C06FB6F005533D0 /* SwiftCleanBaseTests */ = {
			isa = PBXNativeTarget;
			buildConfigurationList = DE646BEC2C06FB70005533D0 /* Build configuration list for PBXNativeTarget "SwiftCleanBaseTests" */;
			buildPhases = (
				DE646BD12C06FB6F005533D0 /* Sources */,
				DE646BD22C06FB6F005533D0 /* Frameworks */,
				DE646BD32C06FB6F005533D0 /* Resources */,
			);
			buildRules = (
			);
			dependencies = (
				DE646BD72C06FB6F005533D0 /* PBXTargetDependency */,
			);
			name = SwiftCleanBaseTests;
			productName = SwiftCleanBaseTests;
			productReference = DE646BD52C06FB6F005533D0 /* SwiftCleanBaseTests.xctest */;
			productType = "com.apple.product-type.bundle.unit-test";
		};
		DE646BDE2C06FB70005533D0 /* SwiftCleanBaseUITests */ = {
			isa = PBXNativeTarget;
			buildConfigurationList = DE646BEF2C06FB70005533D0 /* Build configuration list for PBXNativeTarget "SwiftCleanBaseUITests" */;
			buildPhases = (
				DE646BDB2C06FB70005533D0 /* Sources */,
				DE646BDC2C06FB70005533D0 /* Frameworks */,
				DE646BDD2C06FB70005533D0 /* Resources */,
			);
			buildRules = (
			);
			dependencies = (
				DE646BE12C06FB70005533D0 /* PBXTargetDependency */,
			);
			name = SwiftCleanBaseUITests;
			productName = SwiftCleanBaseUITests;
			productReference = DE646BDF2C06FB70005533D0 /* SwiftCleanBaseUITests.xctest */;
			productType = "com.apple.product-type.bundle.ui-testing";
		};
/* End PBXNativeTarget section */

/* Begin PBXProject section */
		DE646BBD2C06FB48005533D0 /* Project object */ = {
			isa = PBXProject;
			attributes = {
				BuildIndependentTargetsInParallel = 1;
				LastSwiftUpdateCheck = 1540;
				LastUpgradeCheck = 1540;
				TargetAttributes = {
					DE646BC42C06FB48005533D0 = {
						CreatedOnToolsVersion = 15.4;
					};
					DE646BD42C06FB6F005533D0 = {
						CreatedOnToolsVersion = 15.4;
						TestTargetID = DE646BC42C06FB48005533D0;
					};
					DE646BDE2C06FB70005533D0 = {
						CreatedOnToolsVersion = 15.4;
						TestTargetID = DE646BC42C06FB48005533D0;
					};
				};
			};
			buildConfigurationList = DE646BC02C06FB48005533D0 /* Build configuration list for PBXProject "SwiftCleanBase" */;
			compatibilityVersion = "Xcode 14.0";
			developmentRegion = en;
			hasScannedForEncodings = 0;
			knownRegions = (
				en,
				Base,
			);
			mainGroup = DE646BBC2C06FB48005533D0;
			productRefGroup = DE646BC62C06FB48005533D0 /* Products */;
			projectDirPath = "";
			projectRoot = "";
			targets = (
				DE646BC42C06FB48005533D0 /* SwiftCleanBase */,
				DE646BD42C06FB6F005533D0 /* SwiftCleanBaseTests */,
				DE646BDE2C06FB70005533D0 /* SwiftCleanBaseUITests */,
			);
		};
/* End PBXProject section */

/* Begin PBXResourcesBuildPhase section */
		DE646BC32C06FB48005533D0 /* Resources */ = {
			isa = PBXResourcesBuildPhase;
			buildActionMask = 2147483647;
			files = (
				DE646BD02C06FB6E005533D0 /* Preview Assets.xcassets in Resources */,
				DE646BCD2C06FB6E005533D0 /* Assets.xcassets in Resources */,
			);
			runOnlyForDeploymentPostprocessing = 0;
		};
		DE646BD32C06FB6F005533D0 /* Resources */ = {
			isa = PBXResourcesBuildPhase;
			buildActionMask = 2147483647;
			files = (
			);
			runOnlyForDeploymentPostprocessing = 0;
		};
		DE646BDD2C06FB70005533D0 /* Resources */ = {
			isa = PBXResourcesBuildPhase;
			buildActionMask = 2147483647;
			files = (
			);
			runOnlyForDeploymentPostprocessing = 0;
		};
/* End PBXResourcesBuildPhase section */

/* Begin PBXSourcesBuildPhase section */
		DE646BC12C06FB48005533D0 /* Sources */ = {
			isa = PBXSourcesBuildPhase;
			buildActionMask = 2147483647;
			files = (
				DE646BCB2C06FB48005533D0 /* ContentView.swift in Sources */,
				DE646BC92C06FB48005533D0 /* SwiftCleanBaseApp.swift in Sources */,
			);
			runOnlyForDeploymentPostprocessing = 0;
		};
		DE646BD12C06FB6F005533D0 /* Sources */ = {
			isa = PBXSourcesBuildPhase;
			buildActionMask = 2147483647;
			files = (
				DE646BDA2C06FB70005533D0 /* SwiftCleanBaseTests.swift in Sources */,
			);
			runOnlyForDeploymentPostprocessing = 0;
		};
		DE646BDB2C06FB70005533D0 /* Sources */ = {
			isa = PBXSourcesBuildPhase;
			buildActionMask = 2147483647;
			files = (
				DE646BE42C06FB70005533D0 /* SwiftCleanBaseUITests.swift in Sources */,
				DE646BE62C06FB70005533D0 /* SwiftCleanBaseUITestsLaunchTests.swift in Sources */,
			);
			runOnlyForDeploymentPostprocessing = 0;
		};
/* End PBXSourcesBuildPhase section */

/* Begin PBXTargetDependency section */
		DE646BD72C06FB6F005533D0 /* PBXTargetDependency */ = {
			isa = PBXTargetDependency;
			target = DE646BC42C06FB48005533D0 /* SwiftCleanBase */;
			targetProxy = DE646BD62C06FB6F005533D0 /* PBXContainerItemProxy */;
		};
		DE646BE12C06FB70005533D0 /* PBXTargetDependency */ = {
			isa = PBXTargetDependency;
			target = DE646BC42C06FB48005533D0 /* SwiftCleanBase */;
			targetProxy = DE646BE02C06FB70005533D0 /* PBXContainerItemProxy */;
		};
/* End PBXTargetDependency section */

/* Begin XCBuildConfiguration section */
		DE646BE72C06FB70005533D0 /* Debug */ = {
			isa = XCBuildConfiguration;
			buildSettings = {
				ALWAYS_SEARCH_USER_PATHS = NO;
				ASSETCATALOG_COMPILER_GENERATE_SWIFT_ASSET_SYMBOL_EXTENSIONS = YES;
				CLANG_ANALYZER_NONNULL = YES;
				CLANG_ANALYZER_NUMBER_OBJECT_CONVERSION = YES_AGGRESSIVE;
				CLANG_CXX_LANGUAGE_STANDARD = "gnu++20";
				CLANG_ENABLE_MODULES = YES;
				CLANG_ENABLE_OBJC_ARC = YES;
				CLANG_ENABLE_OBJC_WEAK = YES;
				CLANG_WARN_BLOCK_CAPTURE_AUTORELEASING = YES;
				CLANG_WARN_BOOL_CONVERSION = YES;
				CLANG_WARN_COMMA = YES;
				CLANG_WARN_CONSTANT_CONVERSION = YES;
				CLANG_WARN_DEPRECATED_OBJC_IMPLEMENTATIONS = YES;
				CLANG_WARN_DIRECT_OBJC_ISA_USAGE = YES_ERROR;
				CLANG_WARN_DOCUMENTATION_COMMENTS = YES;
				CLANG_WARN_EMPTY_BODY = YES;
				CLANG_WARN_ENUM_CONVERSION = YES;
				CLANG_WARN_INFINITE_RECURSION = YES;
				CLANG_WARN_INT_CONVERSION = YES;
				CLANG_WARN_NON_LITERAL_NULL_CONVERSION = YES;
				CLANG_WARN_OBJC_IMPLICIT_RETAIN_SELF = YES;
				CLANG_WARN_OBJC_LITERAL_CONVERSION = YES;
				CLANG_WARN_OBJC_ROOT_CLASS = YES_ERROR;
				CLANG_WARN_QUOTED_INCLUDE_IN_FRAMEWORK_HEADER = YES;
				CLANG_WARN_RANGE_LOOP_ANALYSIS = YES;
				CLANG_WARN_STRICT_PROTOTYPES = YES;
				CLANG_WARN_SUSPICIOUS_MOVE = YES;
				CLANG_WARN_UNGUARDED_AVAILABILITY = YES_AGGRESSIVE;
				CLANG_WARN_UNREACHABLE_CODE = YES;
				CLANG_WARN__DUPLICATE_METHOD_MATCH = YES;
				COPY_PHASE_STRIP = NO;
				DEBUG_INFORMATION_FORMAT = dwarf;
				ENABLE_STRICT_OBJC_MSGSEND = YES;
				ENABLE_TESTABILITY = YES;
				ENABLE_USER_SCRIPT_SANDBOXING = YES;
				GCC_C_LANGUAGE_STANDARD = gnu17;
				GCC_DYNAMIC_NO_PIC = NO;
				GCC_NO_COMMON_BLOCKS = YES;
				GCC_OPTIMIZATION_LEVEL = 0;
				GCC_PREPROCESSOR_DEFINITIONS = (
					"DEBUG=1",
					"$(inherited)",
				);
				GCC_WARN_64_TO_32_BIT_CONVERSION = YES;
				GCC_WARN_ABOUT_RETURN_TYPE = YES_ERROR;
				GCC_WARN_UNDECLARED_SELECTOR = YES;
				GCC_WARN_UNINITIALIZED_AUTOS = YES_AGGRESSIVE;
				GCC_WARN_UNUSED_FUNCTION = YES;
				GCC_WARN_UNUSED_VARIABLE = YES;
				IPHONEOS_DEPLOYMENT_TARGET = 17.5;
				LOCALIZATION_PREFERS_STRING_CATALOGS = YES;
				MTL_ENABLE_DEBUG_INFO = INCLUDE_SOURCE;
				MTL_FAST_MATH = YES;
				ONLY_ACTIVE_ARCH = YES;
				SDKROOT = iphoneos;
				SWIFT_ACTIVE_COMPILATION_CONDITIONS = "DEBUG $(inherited)";
				SWIFT_OPTIMIZATION_LEVEL = "-Onone";
			};
			name = Debug;
		};
		DE646BE82C06FB70005533D0 /* Release */ = {
			isa = XCBuildConfiguration;
			buildSettings = {
				ALWAYS_SEARCH_USER_PATHS = NO;
				ASSETCATALOG_COMPILER_GENERATE_SWIFT_ASSET_SYMBOL_EXTENSIONS = YES;
				CLANG_ANALYZER_NONNULL = YES;
				CLANG_ANALYZER_NUMBER_OBJECT_CONVERSION = YES_AGGRESSIVE;
				CLANG_CXX_LANGUAGE_STANDARD = "gnu++20";
				CLANG_ENABLE_MODULES = YES;
				CLANG_ENABLE_OBJC_ARC = YES;
				CLANG_ENABLE_OBJC_WEAK = YES;
				CLANG_WARN_BLOCK_CAPTURE_AUTORELEASING = YES;
				CLANG_WARN_BOOL_CONVERSION = YES;
				CLANG_WARN_COMMA = YES;
				CLANG_WARN_CONSTANT_CONVERSION = YES;
				CLANG_WARN_DEPRECATED_OBJC_IMPLEMENTATIONS = YES;
				CLANG_WARN_DIRECT_OBJC_ISA_USAGE = YES_ERROR;
				CLANG_WARN_DOCUMENTATION_COMMENTS = YES;
				CLANG_WARN_EMPTY_BODY = YES;
				CLANG_WARN_ENUM_CONVERSION = YES;
				CLANG_WARN_INFINITE_RECURSION = YES;
				CLANG_WARN_INT_CONVERSION = YES;
				CLANG_WARN_NON_LITERAL_NULL_CONVERSION = YES;
				CLANG_WARN_OBJC_IMPLICIT_RETAIN_SELF = YES;
				CLANG_WARN_OBJC_LITERAL_CONVERSION = YES;
				CLANG_WARN_OBJC_ROOT_CLASS = YES_ERROR;
				CLANG_WARN_QUOTED_INCLUDE_IN_FRAMEWORK_HEADER = YES;
				CLANG_WARN_RANGE_LOOP_ANALYSIS = YES;
				CLANG_WARN_STRICT_PROTOTYPES = YES;
				CLANG_WARN_SUSPICIOUS_MOVE = YES;
				CLANG_WARN_UNGUARDED_AVAILABILITY = YES_AGGRESSIVE;
				CLANG_WARN_UNREACHABLE_CODE = YES;
				CLANG_WARN__DUPLICATE_METHOD_MATCH = YES;
				COPY_PHASE_STRIP = NO;
				DEBUG_INFORMATION_FORMAT = "dwarf-with-dsym";
				ENABLE_NS_ASSERTIONS = NO;
				ENABLE_STRICT_OBJC_MSGSEND = YES;
				ENABLE_USER_SCRIPT_SANDBOXING = YES;
				GCC_C_LANGUAGE_STANDARD = gnu17;
				GCC_NO_COMMON_BLOCKS = YES;
				GCC_WARN_64_TO_32_BIT_CONVERSION = YES;
				GCC_WARN_ABOUT_RETURN_TYPE = YES_ERROR;
				GCC_WARN_UNDECLARED_SELECTOR = YES;
				GCC_WARN_UNINITIALIZED_AUTOS = YES_AGGRESSIVE;
				GCC_WARN_UNUSED_FUNCTION = YES;
				GCC_WARN_UNUSED_VARIABLE = YES;
				IPHONEOS_DEPLOYMENT_TARGET = 17.5;
				LOCALIZATION_PREFERS_STRING_CATALOGS = YES;
				MTL_ENABLE_DEBUG_INFO = NO;
				MTL_FAST_MATH = YES;
				SDKROOT = iphoneos;
				SWIFT_COMPILATION_MODE = wholemodule;
				VALIDATE_PRODUCT = YES;
			};
			name = Release;
		};
		DE646BEA2C06FB70005533D0 /* Debug */ = {
			isa = XCBuildConfiguration;
			buildSettings = {
				ASSETCATALOG_COMPILER_APPICON_NAME = AppIcon;
				ASSETCATALOG_COMPILER_GLOBAL_ACCENT_COLOR_NAME = AccentColor;
				CODE_SIGN_STYLE = Automatic;
				CURRENT_PROJECT_VERSION = 1;
				DEVELOPMENT_ASSET_PATHS = "\"SwiftCleanBase/Preview Content\"";
				ENABLE_PREVIEWS = YES;
				GENERATE_INFOPLIST_FILE = YES;
				INFOPLIST_KEY_UIApplicationSceneManifest_Generation = YES;
				INFOPLIST_KEY_UIApplicationSupportsIndirectInputEvents = YES;
				INFOPLIST_KEY_UILaunchScreen_Generation = YES;
				INFOPLIST_KEY_UISupportedInterfaceOrientations_iPad = "UIInterfaceOrientationPortrait UIInterfaceOrientationPortraitUpsideDown UIInterfaceOrientationLandscapeLeft UIInterfaceOrientationLandscapeRight";
				INFOPLIST_KEY_UISupportedInterfaceOrientations_iPhone = "UIInterfaceOrientationPortrait UIInterfaceOrientationLandscapeLeft UIInterfaceOrientationLandscapeRight";
				LD_RUNPATH_SEARCH_PATHS = (
					"$(inherited)",
					"@executable_path/Frameworks",
				);
				MARKETING_VERSION = 1.0;
				PRODUCT_BUNDLE_IDENTIFIER = example.SwiftCleanBase;
				PRODUCT_NAME = "$(TARGET_NAME)";
				SWIFT_EMIT_LOC_STRINGS = YES;
				SWIFT_VERSION = 5.0;
				TARGETED_DEVICE_FAMILY = "1,2";
			};
			name = Debug;
		};
		DE646BEB2C06FB70005533D0 /* Release */ = {
			isa = XCBuildConfiguration;
			buildSettings = {
				ASSETCATALOG_COMPILER_APPICON_NAME = AppIcon;
				ASSETCATALOG_COMPILER_GLOBAL_ACCENT_COLOR_NAME = AccentColor;
				CODE_SIGN_STYLE = Automatic;
				CURRENT_PROJECT_VERSION = 1;
				DEVELOPMENT_ASSET_PATHS = "\"SwiftCleanBase/Preview Content\"";
				ENABLE_PREVIEWS = YES;
				GENERATE_INFOPLIST_FILE = YES;
				INFOPLIST_KEY_UIApplicationSceneManifest_Generation = YES;
				INFOPLIST_KEY_UIApplicationSupportsIndirectInputEvents = YES;
				INFOPLIST_KEY_UILaunchScreen_Generation = YES;
				INFOPLIST_KEY_UISupportedInterfaceOrientations_iPad = "UIInterfaceOrientationPortrait UIInterfaceOrientationPortraitUpsideDown UIInterfaceOrientationLandscapeLeft UIInterfaceOrientationLandscapeRight";
				INFOPLIST_KEY_UISupportedInterfaceOrientations_iPhone = "UIInterfaceOrientationPortrait UIInterfaceOrientationLandscapeLeft UIInterfaceOrientationLandscapeRight";
				LD_RUNPATH_SEARCH_PATHS = (
					"$(inherited)",
					"@executable_path/Frameworks",
				);
				MARKETING_VERSION = 1.0;
				PRODUCT_BUNDLE_IDENTIFIER = example.SwiftCleanBase;
				PRODUCT_NAME = "$(TARGET_NAME)";
				SWIFT_EMIT_LOC_STRINGS = YES;
				SWIFT_VERSION = 5.0;
				TARGETED_DEVICE_FAMILY = "1,2";
			};
			name = Release;
		};
		DE646BED2C06FB70005533D0 /* Debug */ = {
			isa = XCBuildConfiguration;
			buildSettings = {
				ALWAYS_EMBED_SWIFT_STANDARD_LIBRARIES = YES;
				BUNDLE_LOADER = "$(TEST_HOST)";
				CODE_SIGN_STYLE = Automatic;
				CURRENT_PROJECT_VERSION = 1;
				GENERATE_INFOPLIST_FILE = YES;
				IPHONEOS_DEPLOYMENT_TARGET = 17.5;
				MARKETING_VERSION = 1.0;
				PRODUCT_BUNDLE_IDENTIFIER = example.SwiftCleanBaseTests;
				PRODUCT_NAME = "$(TARGET_NAME)";
				SWIFT_EMIT_LOC_STRINGS = NO;
				SWIFT_VERSION = 5.0;
				TARGETED_DEVICE_FAMILY = "1,2";
				TEST_HOST = "$(BUILT_PRODUCTS_DIR)/SwiftCleanBase.app/$(BUNDLE_EXECUTABLE_FOLDER_PATH)/SwiftCleanBase";
			};
			name = Debug;
		};
		DE646BEE2C06FB70005533D0 /* Release */ = {
			isa = XCBuildConfiguration;
			buildSettings = {
				ALWAYS_EMBED_SWIFT_STANDARD_LIBRARIES = YES;
				BUNDLE_LOADER = "$(TEST_HOST)";
				CODE_SIGN_STYLE = Automatic;
				CURRENT_PROJECT_VERSION = 1;
				GENERATE_INFOPLIST_FILE = YES;
				IPHONEOS_DEPLOYMENT_TARGET = 17.5;
				MARKETING_VERSION = 1.0;
				PRODUCT_BUNDLE_IDENTIFIER = example.SwiftCleanBaseTests;
				PRODUCT_NAME = "$(TARGET_NAME)";
				SWIFT_EMIT_LOC_STRINGS = NO;
				SWIFT_VERSION = 5.0;
				TARGETED_DEVICE_FAMILY = "1,2";
				TEST_HOST = "$(BUILT_PRODUCTS_DIR)/SwiftCleanBase.app/$(BUNDLE_EXECUTABLE_FOLDER_PATH)/SwiftCleanBase";
			};
			name = Release;
		};
		DE646BF02C06FB70005533D0 /* Debug */ = {
			isa = XCBuildConfiguration;
			buildSettings = {
				ALWAYS_EMBED_SWIFT_STANDARD_LIBRARIES = YES;
				CODE_SIGN_STYLE = Automatic;
				CURRENT_PROJECT_VERSION = 1;
				GENERATE_INFOPLIST_FILE = YES;
				MARKETING_VERSION = 1.0;
				PRODUCT_BUNDLE_IDENTIFIER = example.SwiftCleanBaseUITests;
				PRODUCT_NAME = "$(TARGET_NAME)";
				SWIFT_EMIT_LOC_STRINGS = NO;
				SWIFT_VERSION = 5.0;
				TARGETED_DEVICE_FAMILY = "1,2";
				TEST_TARGET_NAME = SwiftCleanBase;
			};
			name = Debug;
		};
		DE646BF12C06FB70005533D0 /* Release */ = {
			isa = XCBuildConfiguration;
			buildSettings = {
				ALWAYS_EMBED_SWIFT_STANDARD_LIBRARIES = YES;
				CODE_SIGN_STYLE = Automatic;
				CURRENT_PROJECT_VERSION = 1;
				GENERATE_INFOPLIST_FILE = YES;
				MARKETING_VERSION = 1.0;
				PRODUCT_BUNDLE_IDENTIFIER = example.SwiftCleanBaseUITests;
				PRODUCT_NAME = "$(TARGET_NAME)";
				SWIFT_EMIT_LOC_STRINGS = NO;
				SWIFT_VERSION = 5.0;
				TARGETED_DEVICE_FAMILY = "1,2";
				TEST_TARGET_NAME = SwiftCleanBase;
			};
			name = Release;
		};
/* End XCBuildConfiguration section */

/* Begin XCConfigurationList section */
		DE646BC02C06FB48005533D0 /* Build configuration list for PBXProject "SwiftCleanBase" */ = {
			isa = XCConfigurationList;
			buildConfigurations = (
				DE646BE72C06FB70005533D0 /* Debug */,
				DE646BE82C06FB70005533D0 /* Release */,
			);
			defaultConfigurationIsVisible = 0;
			defaultConfigurationName = Release;
		};
		DE646BE92C06FB70005533D0 /* Build configuration list for PBXNativeTarget "SwiftCleanBase" */ = {
			isa = XCConfigurationList;
			buildConfigurations = (
				DE646BEA2C06FB70005533D0 /* Debug */,
				DE646BEB2C06FB70005533D0 /* Release */,
			);
			defaultConfigurationIsVisible = 0;
			defaultConfigurationName = Release;
		};
		DE646BEC2C06FB70005533D0 /* Build configuration list for PBXNativeTarget "SwiftCleanBaseTests" */ = {
			isa = XCConfigurationList;
			buildConfigurations = (
				DE646BED2C06FB70005533D0 /* Debug */,
				DE646BEE2C06FB70005533D0 /* Release */,
			);
			defaultConfigurationIsVisible = 0;
			defaultConfigurationName = Release;
		};
		DE646BEF2C06FB70005533D0 /* Build configuration list for PBXNativeTarget "SwiftCleanBaseUITests" */ = {
			isa = XCConfigurationList;
			buildConfigurations = (
				DE646BF02C06FB70005533D0 /* Debug */,
				DE646BF12C06FB70005533D0 /* Release */,
			);
			defaultConfigurationIsVisible = 0;
			defaultConfigurationName = Release;
		};
/* End XCConfigurationList section */
	};
	rootObject = DE646BBD2C06FB48005533D0 /* Project object */;
}
